{
  "requires": true,
  "lockfileVersion": 1,
  "dependencies": {
    "@splidejs/splide": {
      "version": "2.4.10",
      "resolved": "https://registry.npmjs.org/@splidejs/splide/-/splide-2.4.10.tgz",
      "integrity": "sha512-Z9B5RYuieuYmMKV31ZBIYyzemGFl0BN2NSSEHj2Rca/74h9bymOXUPCwhECGz3Wx0PRqG+GuvYXEA3PrIm9JGg=="
    }
  }
}
